
Microsoft Visual Studio Solution File, Format Version 12.00
# Visual Studio Version 16
VisualStudioVersion = 16.0.30002.166
MinimumVisualStudioVersion = 10.0.40219.1
Project("{FAE04EC0-301F-11D3-BF4B-00C04F79EFBC}") = "NETCoreServer", "NETCoreServer\NETCoreServer.csproj", "{68D692A9-C9B3-4E55-8890-4C09F3D30A5B}"
EndProject
Global
	GlobalSection(SolutionConfigurationPlatforms) = preSolution
		Debug|Any CPU = Debug|Any CPU
		Release|Any CPU = Release|Any CPU
	EndGlobalSection
	GlobalSection(ProjectConfigurationPlatforms) = postSolution
		{68D692A9-C9B3-4E55-8890-4C09F3D30A5B}.Debug|Any CPU.ActiveCfg = Debug|Any CPU
		{68D692A9-C9B3-4E55-8890-4C09F3D30A5B}.Debug|Any CPU.Build.0 = Debug|Any CPU
		{68D692A9-C9B3-4E55-8890-4C09F3D30A5B}.Release|Any CPU.ActiveCfg = Release|Any CPU
		{68D692A9-C9B3-4E55-8890-4C09F3D30A5B}.Release|Any CPU.Build.0 = Release|Any CPU
	EndGlobalSection
	GlobalSection(SolutionProperties) = preSolution
		HideSolutionNode = FALSE
	EndGlobalSection
	GlobalSection(ExtensibilityGlobals) = postSolution
		SolutionGuid = {6D892554-7E64-41B8-8633-48FCAC34EC6B}
	EndGlobalSection
EndGlobal
